
Microsoft Visual Studio Solution File, Format Version 12.00
# Visual Studio Version 16
VisualStudioVersion = 16.0.34729.46
MinimumVisualStudioVersion = 10.0.40219.1
Project("{FAE04EC0-301F-11D3-BF4B-00C04F79EFBC}") = "ConsoleAppStringsAndIntegersAssignement", "ConsoleAppStringsAndIntegersAssignement\ConsoleAppStringsAndIntegersAssignement.csproj", "{84124D30-C82C-4CF0-A869-7DE1FEE78AD7}"
EndProject
Global
	GlobalSection(SolutionConfigurationPlatforms) = preSolution
		Debug|Any CPU = Debug|Any CPU
		Release|Any CPU = Release|Any CPU
	EndGlobalSection
	GlobalSection(ProjectConfigurationPlatforms) = postSolution
		{84124D30-C82C-4CF0-A869-7DE1FEE78AD7}.Debug|Any CPU.ActiveCfg = Debug|Any CPU
		{84124D30-C82C-4CF0-A869-7DE1FEE78AD7}.Debug|Any CPU.Build.0 = Debug|Any CPU
		{84124D30-C82C-4CF0-A869-7DE1FEE78AD7}.Release|Any CPU.ActiveCfg = Release|Any CPU
		{84124D30-C82C-4CF0-A869-7DE1FEE78AD7}.Release|Any CPU.Build.0 = Release|Any CPU
	EndGlobalSection
	GlobalSection(SolutionProperties) = preSolution
		HideSolutionNode = FALSE
	EndGlobalSection
	GlobalSection(ExtensibilityGlobals) = postSolution
		SolutionGuid = {CBF04B3F-D157-44C4-ABD0-4D5074D43815}
	EndGlobalSection
EndGlobal
